
Microsoft Visual Studio Solution File, Format Version 12.00
# Visual Studio Version 17
VisualStudioVersion = 17.10.35027.167
MinimumVisualStudioVersion = 10.0.40219.1
Project("{FAE04EC0-301F-11D3-BF4B-00C04F79EFBC}") = "T9Console", "T9Console\T9Console.csproj", "{BB7F1998-8B13-4A5D-A2BA-FEA9572ECC96}"
EndProject
Project("{FAE04EC0-301F-11D3-BF4B-00C04F79EFBC}") = "T9CoreTests", "T9CoreTests\T9CoreTests.csproj", "{0BC5E79B-58E3-440E-9114-410A7BB30CB2}"
EndProject
Project("{FAE04EC0-301F-11D3-BF4B-00C04F79EFBC}") = "T9Decoder", "T9Decoder\T9Decoder.csproj", "{0397E20E-43A8-43E5-B970-0179FC7E8F62}"
EndProject
Global
	GlobalSection(SolutionConfigurationPlatforms) = preSolution
		Debug|Any CPU = Debug|Any CPU
		Release|Any CPU = Release|Any CPU
	EndGlobalSection
	GlobalSection(ProjectConfigurationPlatforms) = postSolution
		{BB7F1998-8B13-4A5D-A2BA-FEA9572ECC96}.Debug|Any CPU.ActiveCfg = Debug|Any CPU
		{BB7F1998-8B13-4A5D-A2BA-FEA9572ECC96}.Debug|Any CPU.Build.0 = Debug|Any CPU
		{BB7F1998-8B13-4A5D-A2BA-FEA9572ECC96}.Release|Any CPU.ActiveCfg = Release|Any CPU
		{BB7F1998-8B13-4A5D-A2BA-FEA9572ECC96}.Release|Any CPU.Build.0 = Release|Any CPU
		{0BC5E79B-58E3-440E-9114-410A7BB30CB2}.Debug|Any CPU.ActiveCfg = Debug|Any CPU
		{0BC5E79B-58E3-440E-9114-410A7BB30CB2}.Debug|Any CPU.Build.0 = Debug|Any CPU
		{0BC5E79B-58E3-440E-9114-410A7BB30CB2}.Release|Any CPU.ActiveCfg = Release|Any CPU
		{0BC5E79B-58E3-440E-9114-410A7BB30CB2}.Release|Any CPU.Build.0 = Release|Any CPU
		{0397E20E-43A8-43E5-B970-0179FC7E8F62}.Debug|Any CPU.ActiveCfg = Debug|Any CPU
		{0397E20E-43A8-43E5-B970-0179FC7E8F62}.Debug|Any CPU.Build.0 = Debug|Any CPU
		{0397E20E-43A8-43E5-B970-0179FC7E8F62}.Release|Any CPU.ActiveCfg = Release|Any CPU
		{0397E20E-43A8-43E5-B970-0179FC7E8F62}.Release|Any CPU.Build.0 = Release|Any CPU
	EndGlobalSection
	GlobalSection(SolutionProperties) = preSolution
		HideSolutionNode = FALSE
	EndGlobalSection
	GlobalSection(ExtensibilityGlobals) = postSolution
		SolutionGuid = {59D31397-AFC3-4A8A-AB09-33D0DE9F3AB5}
	EndGlobalSection
EndGlobal
